// !$*UTF8*$!
{
	archiveVersion = 1;
	classes = {
	};
	objectVersion = 55;
	objects = {

/* Begin PBXBuildFile section */
		5C2BEDF428F7B23600000EAD /* FontViewController.swift in Sources */ = {isa = PBXBuildFile; fileRef = 5C2BEDF328F7B23600000EAD /* FontViewController.swift */; };
		5C2FC01128EE3B65008D6605 /* HubViewController.swift in Sources */ = {isa = PBXBuildFile; fileRef = 5C2FC01028EE3B65008D6605 /* HubViewController.swift */; };
		5C2FC01328EE6576008D6605 /* CartaTableViewCell.swift in Sources */ = {isa = PBXBuildFile; fileRef = 5C2FC01228EE6576008D6605 /* CartaTableViewCell.swift */; };
		5C2FC01728EE8F19008D6605 /* firstTabViewController.swift in Sources */ = {isa = PBXBuildFile; fileRef = 5C2FC01628EE8F19008D6605 /* firstTabViewController.swift */; };
		5C44D74C28E6150C00AB058E /* HomeViewController.swift in Sources */ = {isa = PBXBuildFile; fileRef = 5C44D74B28E6150C00AB058E /* HomeViewController.swift */; };
		5C44D74E28E62DFD00AB058E /* MainTabBarController.swift in Sources */ = {isa = PBXBuildFile; fileRef = 5C44D74D28E62DFD00AB058E /* MainTabBarController.swift */; };
		5C44D75228E74ECE00AB058E /* Usuario.swift in Sources */ = {isa = PBXBuildFile; fileRef = 5C44D75128E74ECE00AB058E /* Usuario.swift */; };
		5C4AE19528F76E0200D6C3B3 /* AjustesViewController.swift in Sources */ = {isa = PBXBuildFile; fileRef = 5C4AE19428F76E0200D6C3B3 /* AjustesViewController.swift */; };
		5C4AE19728F7732E00D6C3B3 /* AjustesTableViewCell.swift in Sources */ = {isa = PBXBuildFile; fileRef = 5C4AE19628F7732E00D6C3B3 /* AjustesTableViewCell.swift */; };
		5C7A38FE28DEAF9700D0B501 /* Reservas.swift in Sources */ = {isa = PBXBuildFile; fileRef = 5C7A38FD28DEAF9700D0B501 /* Reservas.swift */; };
		5C83224828FB254500FD42EC /* OlvidasteViewController.swift in Sources */ = {isa = PBXBuildFile; fileRef = 5C83224728FB254500FD42EC /* OlvidasteViewController.swift */; };
		5C87906A28E35FCA00980E06 /* AddEditReservaTableViewController.swift in Sources */ = {isa = PBXBuildFile; fileRef = 5C87906928E35FCA00980E06 /* AddEditReservaTableViewController.swift */; };
		5CC02A3428ECE0700019E8CD /* GoogleService-Info.plist in Resources */ = {isa = PBXBuildFile; fileRef = 5CC02A3328ECE0700019E8CD /* GoogleService-Info.plist */; };
		5CC6C8A32900A21F00A3D599 /* secondTabViewController.swift in Sources */ = {isa = PBXBuildFile; fileRef = 5CC6C8A22900A21F00A3D599 /* secondTabViewController.swift */; };
		5CC6C8A52900AA6400A3D599 /* thirdTabViewController.swift in Sources */ = {isa = PBXBuildFile; fileRef = 5CC6C8A42900AA6400A3D599 /* thirdTabViewController.swift */; };
		5CCE173B28D94685008B9C1D /* AppDelegate.swift in Sources */ = {isa = PBXBuildFile; fileRef = 5CCE173A28D94685008B9C1D /* AppDelegate.swift */; };
		5CCE173D28D94685008B9C1D /* SceneDelegate.swift in Sources */ = {isa = PBXBuildFile; fileRef = 5CCE173C28D94685008B9C1D /* SceneDelegate.swift */; };
		5CCE174228D94685008B9C1D /* Main.storyboard in Resources */ = {isa = PBXBuildFile; fileRef = 5CCE174028D94685008B9C1D /* Main.storyboard */; };
		5CCE174428D94687008B9C1D /* Assets.xcassets in Resources */ = {isa = PBXBuildFile; fileRef = 5CCE174328D94687008B9C1D /* Assets.xcassets */; };
		5CCE174728D94687008B9C1D /* LaunchScreen.storyboard in Resources */ = {isa = PBXBuildFile; fileRef = 5CCE174528D94687008B9C1D /* LaunchScreen.storyboard */; };
		5CCE175028D950AC008B9C1D /* CuentaViewController.swift in Sources */ = {isa = PBXBuildFile; fileRef = 5CCE174F28D950AC008B9C1D /* CuentaViewController.swift */; };
		5CCE175928D956FE008B9C1D /* AyudaViewController.swift in Sources */ = {isa = PBXBuildFile; fileRef = 5CCE175828D956FE008B9C1D /* AyudaViewController.swift */; };
		5CD33CAE28F5E81A007DD877 /* ReservaEquipoTableViewController.swift in Sources */ = {isa = PBXBuildFile; fileRef = 5CD33CAD28F5E81A007DD877 /* ReservaEquipoTableViewController.swift */; };
		5CD33CB328F5FAF9007DD877 /* AddEditReservaEquipoTableViewController.swift in Sources */ = {isa = PBXBuildFile; fileRef = 5CD33CB228F5FAF9007DD877 /* AddEditReservaEquipoTableViewController.swift */; };
		5CD33CB828F71E72007DD877 /* ReservaEquipoTableViewCell.swift in Sources */ = {isa = PBXBuildFile; fileRef = 5CD33CB728F71E72007DD877 /* ReservaEquipoTableViewCell.swift */; };
		5CD33CBD28F74888007DD877 /* ReservaMaterialViewController.swift in Sources */ = {isa = PBXBuildFile; fileRef = 5CD33CBC28F74888007DD877 /* ReservaMaterialViewController.swift */; };
		5CD33CBF28F748B1007DD877 /* AddEditReservaMaterialViewController.swift in Sources */ = {isa = PBXBuildFile; fileRef = 5CD33CBE28F748B1007DD877 /* AddEditReservaMaterialViewController.swift */; };
		5CD33CC128F748F2007DD877 /* ReservaMaterialTableViewCell.swift in Sources */ = {isa = PBXBuildFile; fileRef = 5CD33CC028F748F2007DD877 /* ReservaMaterialTableViewCell.swift */; };
		5CE2B88F28DEB324005FF7D7 /* ReservaTableViewController.swift in Sources */ = {isa = PBXBuildFile; fileRef = 5CE2B88E28DEB324005FF7D7 /* ReservaTableViewController.swift */; };
		5CE2B89728E1631B005FF7D7 /* ReservaTableViewCell.swift in Sources */ = {isa = PBXBuildFile; fileRef = 5CE2B89628E1631B005FF7D7 /* ReservaTableViewCell.swift */; };
		5CE47BC328E5E4F7001AA111 /* SignUpViewController.swift in Sources */ = {isa = PBXBuildFile; fileRef = 5CE47BC228E5E4F7001AA111 /* SignUpViewController.swift */; };
		5CE47BC528E5E50B001AA111 /* LoginViewController.swift in Sources */ = {isa = PBXBuildFile; fileRef = 5CE47BC428E5E50B001AA111 /* LoginViewController.swift */; };
		5CE47BCA28E5F0AC001AA111 /* Utilities.swift in Sources */ = {isa = PBXBuildFile; fileRef = 5CE47BC928E5F0AC001AA111 /* Utilities.swift */; };
		5CE47BCC28E5F0CF001AA111 /* Constants.swift in Sources */ = {isa = PBXBuildFile; fileRef = 5CE47BCB28E5F0CF001AA111 /* Constants.swift */; };
		5CE47BCE28E5F890001AA111 /* formUtilities.swift in Sources */ = {isa = PBXBuildFile; fileRef = 5CE47BCD28E5F890001AA111 /* formUtilities.swift */; };
		5CE47BD028E5FAAF001AA111 /* MainViewController.swift in Sources */ = {isa = PBXBuildFile; fileRef = 5CE47BCF28E5FAAF001AA111 /* MainViewController.swift */; };
		5CF5C1FD28FF382D00C00E62 /* ReservaMenuViewController.swift in Sources */ = {isa = PBXBuildFile; fileRef = 5CF5C1FC28FF382D00C00E62 /* ReservaMenuViewController.swift */; };
		5CF5C1FF28FF3A7600C00E62 /* CollectionTableViewCell.swift in Sources */ = {isa = PBXBuildFile; fileRef = 5CF5C1FE28FF3A7600C00E62 /* CollectionTableViewCell.swift */; };
		5CF5C20128FF3D8900C00E62 /* TileCollectionViewCell.swift in Sources */ = {isa = PBXBuildFile; fileRef = 5CF5C20028FF3D8900C00E62 /* TileCollectionViewCell.swift */; };
		5CF5C20429004D3C00C00E62 /* SalidaViewController.swift in Sources */ = {isa = PBXBuildFile; fileRef = 5CF5C20329004D3C00C00E62 /* SalidaViewController.swift */; };
		C6669B068834FE01EFA6A3C6 /* Pods_appReserva.framework in Frameworks */ = {isa = PBXBuildFile; fileRef = 69E42BAAAA11AC73CD6BD6DE /* Pods_appReserva.framework */; };
/* End PBXBuildFile section */

/* Begin PBXFileReference section */
		5C2BEDF328F7B23600000EAD /* FontViewController.swift */ = {isa = PBXFileReference; lastKnownFileType = sourcecode.swift; path = FontViewController.swift; sourceTree = "<group>"; };
		5C2FC01028EE3B65008D6605 /* HubViewController.swift */ = {isa = PBXFileReference; lastKnownFileType = sourcecode.swift; path = HubViewController.swift; sourceTree = "<group>"; };
		5C2FC01228EE6576008D6605 /* CartaTableViewCell.swift */ = {isa = PBXFileReference; lastKnownFileType = sourcecode.swift; path = CartaTableViewCell.swift; sourceTree = "<group>"; };
		5C2FC01628EE8F19008D6605 /* firstTabViewController.swift */ = {isa = PBXFileReference; lastKnownFileType = sourcecode.swift; path = firstTabViewController.swift; sourceTree = "<group>"; };
		5C44D74B28E6150C00AB058E /* HomeViewController.swift */ = {isa = PBXFileReference; lastKnownFileType = sourcecode.swift; path = HomeViewController.swift; sourceTree = "<group>"; };
		5C44D74D28E62DFD00AB058E /* MainTabBarController.swift */ = {isa = PBXFileReference; lastKnownFileType = sourcecode.swift; path = MainTabBarController.swift; sourceTree = "<group>"; };
		5C44D75128E74ECE00AB058E /* Usuario.swift */ = {isa = PBXFileReference; lastKnownFileType = sourcecode.swift; path = Usuario.swift; sourceTree = "<group>"; };
		5C4AE19428F76E0200D6C3B3 /* AjustesViewController.swift */ = {isa = PBXFileReference; lastKnownFileType = sourcecode.swift; path = AjustesViewController.swift; sourceTree = "<group>"; };
		5C4AE19628F7732E00D6C3B3 /* AjustesTableViewCell.swift */ = {isa = PBXFileReference; lastKnownFileType = sourcecode.swift; path = AjustesTableViewCell.swift; sourceTree = "<group>"; };
		5C7A38FD28DEAF9700D0B501 /* Reservas.swift */ = {isa = PBXFileReference; lastKnownFileType = sourcecode.swift; path = Reservas.swift; sourceTree = "<group>"; };
		5C83224728FB254500FD42EC /* OlvidasteViewController.swift */ = {isa = PBXFileReference; lastKnownFileType = sourcecode.swift; path = OlvidasteViewController.swift; sourceTree = "<group>"; };
		5C87906928E35FCA00980E06 /* AddEditReservaTableViewController.swift */ = {isa = PBXFileReference; lastKnownFileType = sourcecode.swift; path = AddEditReservaTableViewController.swift; sourceTree = "<group>"; };
		5CC02A3328ECE0700019E8CD /* GoogleService-Info.plist */ = {isa = PBXFileReference; fileEncoding = 4; lastKnownFileType = text.plist.xml; path = "GoogleService-Info.plist"; sourceTree = "<group>"; };
		5CC6C8A22900A21F00A3D599 /* secondTabViewController.swift */ = {isa = PBXFileReference; lastKnownFileType = sourcecode.swift; path = secondTabViewController.swift; sourceTree = "<group>"; };
		5CC6C8A42900AA6400A3D599 /* thirdTabViewController.swift */ = {isa = PBXFileReference; lastKnownFileType = sourcecode.swift; path = thirdTabViewController.swift; sourceTree = "<group>"; };
		5CCE173728D94685008B9C1D /* appReserva.app */ = {isa = PBXFileReference; explicitFileType = wrapper.application; includeInIndex = 0; path = appReserva.app; sourceTree = BUILT_PRODUCTS_DIR; };
		5CCE173A28D94685008B9C1D /* AppDelegate.swift */ = {isa = PBXFileReference; lastKnownFileType = sourcecode.swift; path = AppDelegate.swift; sourceTree = "<group>"; };
		5CCE173C28D94685008B9C1D /* SceneDelegate.swift */ = {isa = PBXFileReference; lastKnownFileType = sourcecode.swift; path = SceneDelegate.swift; sourceTree = "<group>"; };
		5CCE174128D94685008B9C1D /* Base */ = {isa = PBXFileReference; lastKnownFileType = file.storyboard; name = Base; path = Base.lproj/Main.storyboard; sourceTree = "<group>"; };
		5CCE174328D94687008B9C1D /* Assets.xcassets */ = {isa = PBXFileReference; lastKnownFileType = folder.assetcatalog; path = Assets.xcassets; sourceTree = "<group>"; };
		5CCE174628D94687008B9C1D /* Base */ = {isa = PBXFileReference; lastKnownFileType = file.storyboard; name = Base; path = Base.lproj/LaunchScreen.storyboard; sourceTree = "<group>"; };
		5CCE174828D94687008B9C1D /* Info.plist */ = {isa = PBXFileReference; lastKnownFileType = text.plist.xml; path = Info.plist; sourceTree = "<group>"; };
		5CCE174F28D950AC008B9C1D /* CuentaViewController.swift */ = {isa = PBXFileReference; lastKnownFileType = sourcecode.swift; path = CuentaViewController.swift; sourceTree = "<group>"; };
		5CCE175828D956FE008B9C1D /* AyudaViewController.swift */ = {isa = PBXFileReference; lastKnownFileType = sourcecode.swift; path = AyudaViewController.swift; sourceTree = "<group>"; };
		5CD33CAD28F5E81A007DD877 /* ReservaEquipoTableViewController.swift */ = {isa = PBXFileReference; lastKnownFileType = sourcecode.swift; path = ReservaEquipoTableViewController.swift; sourceTree = "<group>"; };
		5CD33CB228F5FAF9007DD877 /* AddEditReservaEquipoTableViewController.swift */ = {isa = PBXFileReference; lastKnownFileType = sourcecode.swift; path = AddEditReservaEquipoTableViewController.swift; sourceTree = "<group>"; };
		5CD33CB728F71E72007DD877 /* ReservaEquipoTableViewCell.swift */ = {isa = PBXFileReference; lastKnownFileType = sourcecode.swift; path = ReservaEquipoTableViewCell.swift; sourceTree = "<group>"; };
		5CD33CBC28F74888007DD877 /* ReservaMaterialViewController.swift */ = {isa = PBXFileReference; lastKnownFileType = sourcecode.swift; path = ReservaMaterialViewController.swift; sourceTree = "<group>"; };
		5CD33CBE28F748B1007DD877 /* AddEditReservaMaterialViewController.swift */ = {isa = PBXFileReference; lastKnownFileType = sourcecode.swift; path = AddEditReservaMaterialViewController.swift; sourceTree = "<group>"; };
		5CD33CC028F748F2007DD877 /* ReservaMaterialTableViewCell.swift */ = {isa = PBXFileReference; lastKnownFileType = sourcecode.swift; path = ReservaMaterialTableViewCell.swift; sourceTree = "<group>"; };
		5CE2B88E28DEB324005FF7D7 /* ReservaTableViewController.swift */ = {isa = PBXFileReference; lastKnownFileType = sourcecode.swift; path = ReservaTableViewController.swift; sourceTree = "<group>"; };
		5CE2B89628E1631B005FF7D7 /* ReservaTableViewCell.swift */ = {isa = PBXFileReference; lastKnownFileType = sourcecode.swift; path = ReservaTableViewCell.swift; sourceTree = "<group>"; };
		5CE47BC228E5E4F7001AA111 /* SignUpViewController.swift */ = {isa = PBXFileReference; lastKnownFileType = sourcecode.swift; path = SignUpViewController.swift; sourceTree = "<group>"; };
		5CE47BC428E5E50B001AA111 /* LoginViewController.swift */ = {isa = PBXFileReference; lastKnownFileType = sourcecode.swift; path = LoginViewController.swift; sourceTree = "<group>"; };
		5CE47BC928E5F0AC001AA111 /* Utilities.swift */ = {isa = PBXFileReference; fileEncoding = 4; lastKnownFileType = sourcecode.swift; path = Utilities.swift; sourceTree = "<group>"; };
		5CE47BCB28E5F0CF001AA111 /* Constants.swift */ = {isa = PBXFileReference; fileEncoding = 4; lastKnownFileType = sourcecode.swift; path = Constants.swift; sourceTree = "<group>"; };
		5CE47BCD28E5F890001AA111 /* formUtilities.swift */ = {isa = PBXFileReference; lastKnownFileType = sourcecode.swift; path = formUtilities.swift; sourceTree = "<group>"; };
		5CE47BCF28E5FAAF001AA111 /* MainViewController.swift */ = {isa = PBXFileReference; lastKnownFileType = sourcecode.swift; path = MainViewController.swift; sourceTree = "<group>"; };
		5CF5C1FC28FF382D00C00E62 /* ReservaMenuViewController.swift */ = {isa = PBXFileReference; lastKnownFileType = sourcecode.swift; path = ReservaMenuViewController.swift; sourceTree = "<group>"; };
		5CF5C1FE28FF3A7600C00E62 /* CollectionTableViewCell.swift */ = {isa = PBXFileReference; lastKnownFileType = sourcecode.swift; path = CollectionTableViewCell.swift; sourceTree = "<group>"; };
		5CF5C20028FF3D8900C00E62 /* TileCollectionViewCell.swift */ = {isa = PBXFileReference; lastKnownFileType = sourcecode.swift; path = TileCollectionViewCell.swift; sourceTree = "<group>"; };
		5CF5C20329004D3C00C00E62 /* SalidaViewController.swift */ = {isa = PBXFileReference; lastKnownFileType = sourcecode.swift; path = SalidaViewController.swift; sourceTree = "<group>"; };
		69E42BAAAA11AC73CD6BD6DE /* Pods_appReserva.framework */ = {isa = PBXFileReference; explicitFileType = wrapper.framework; includeInIndex = 0; path = Pods_appReserva.framework; sourceTree = BUILT_PRODUCTS_DIR; };
		A39D9B28BD332B914BBF45C4 /* Pods-appReserva.release.xcconfig */ = {isa = PBXFileReference; includeInIndex = 1; lastKnownFileType = text.xcconfig; name = "Pods-appReserva.release.xcconfig"; path = "Target Support Files/Pods-appReserva/Pods-appReserva.release.xcconfig"; sourceTree = "<group>"; };
		CA7F82CC50BF66E27FD00336 /* Pods-appReserva.debug.xcconfig */ = {isa = PBXFileReference; includeInIndex = 1; lastKnownFileType = text.xcconfig; name = "Pods-appReserva.debug.xcconfig"; path = "Target Support Files/Pods-appReserva/Pods-appReserva.debug.xcconfig"; sourceTree = "<group>"; };
/* End PBXFileReference section */

/* Begin PBXFrameworksBuildPhase section */
		5CCE173428D94685008B9C1D /* Frameworks */ = {
			isa = PBXFrameworksBuildPhase;
			buildActionMask = 2147483647;
			files = (
				C6669B068834FE01EFA6A3C6 /* Pods_appReserva.framework in Frameworks */,
			);
			runOnlyForDeploymentPostprocessing = 0;
		};
/* End PBXFrameworksBuildPhase section */

/* Begin PBXGroup section */
		084E9CF324D8F055AF21EF16 /* Pods */ = {
			isa = PBXGroup;
			children = (
				CA7F82CC50BF66E27FD00336 /* Pods-appReserva.debug.xcconfig */,
				A39D9B28BD332B914BBF45C4 /* Pods-appReserva.release.xcconfig */,
			);
			path = Pods;
			sourceTree = "<group>";
		};
		1D9CC351F7E92FE34F6B705E /* Frameworks */ = {
			isa = PBXGroup;
			children = (
				69E42BAAAA11AC73CD6BD6DE /* Pods_appReserva.framework */,
			);
			name = Frameworks;
			sourceTree = "<group>";
		};
		5C2FC00F28EE3B35008D6605 /* Hub */ = {
			isa = PBXGroup;
			children = (
				5C2FC01028EE3B65008D6605 /* HubViewController.swift */,
				5C2FC01628EE8F19008D6605 /* firstTabViewController.swift */,
				5CC6C8A22900A21F00A3D599 /* secondTabViewController.swift */,
				5CC6C8A42900AA6400A3D599 /* thirdTabViewController.swift */,
				5C2FC01228EE6576008D6605 /* CartaTableViewCell.swift */,
			);
			path = Hub;
			sourceTree = "<group>";
		};
		5CCE172E28D94685008B9C1D = {
			isa = PBXGroup;
			children = (
				5CCE173928D94685008B9C1D /* appReserva */,
				5CCE173828D94685008B9C1D /* Products */,
				084E9CF324D8F055AF21EF16 /* Pods */,
				1D9CC351F7E92FE34F6B705E /* Frameworks */,
			);
			sourceTree = "<group>";
		};
		5CCE173828D94685008B9C1D /* Products */ = {
			isa = PBXGroup;
			children = (
				5CCE173728D94685008B9C1D /* appReserva.app */,
			);
			name = Products;
			sourceTree = "<group>";
		};
		5CCE173928D94685008B9C1D /* appReserva */ = {
			isa = PBXGroup;
			children = (
				5CF5C20229004D1F00C00E62 /* Salida */,
				5C2FC00F28EE3B35008D6605 /* Hub */,
				5CE47BC828E5F099001AA111 /* Utilidades */,
				5CE47BC128E5E4C3001AA111 /* Login */,
				5CCE175728D956EC008B9C1D /* Ayuda */,
				5CCE175428D9569F008B9C1D /* Ajustes */,
				5CCE175128D955C4008B9C1D /* Reserva */,
				5CCE174E28D9507E008B9C1D /* Cuenta */,
				5CCE173A28D94685008B9C1D /* AppDelegate.swift */,
				5CCE173C28D94685008B9C1D /* SceneDelegate.swift */,
				5CCE174028D94685008B9C1D /* Main.storyboard */,
				5CCE174328D94687008B9C1D /* Assets.xcassets */,
				5CCE174528D94687008B9C1D /* LaunchScreen.storyboard */,
				5CCE174828D94687008B9C1D /* Info.plist */,
				5C44D75128E74ECE00AB058E /* Usuario.swift */,
				5CC02A3328ECE0700019E8CD /* GoogleService-Info.plist */,
			);
			path = appReserva;
			sourceTree = "<group>";
		};
		5CCE174E28D9507E008B9C1D /* Cuenta */ = {
			isa = PBXGroup;
			children = (
				5CCE174F28D950AC008B9C1D /* CuentaViewController.swift */,
			);
			path = Cuenta;
			sourceTree = "<group>";
		};
		5CCE175128D955C4008B9C1D /* Reserva */ = {
			isa = PBXGroup;
			children = (
				5CD33CBB28F74805007DD877 /* ReservaMaterial */,
				5CD33CA828F5E509007DD877 /* ReservaEquipo */,
				5CD33CA728F5E0C3007DD877 /* ReservaAulas */,
				5C7A38FD28DEAF9700D0B501 /* Reservas.swift */,
				5CF5C1FC28FF382D00C00E62 /* ReservaMenuViewController.swift */,
				5CF5C1FE28FF3A7600C00E62 /* CollectionTableViewCell.swift */,
				5CF5C20028FF3D8900C00E62 /* TileCollectionViewCell.swift */,
			);
			path = Reserva;
			sourceTree = "<group>";
		};
		5CCE175428D9569F008B9C1D /* Ajustes */ = {
			isa = PBXGroup;
			children = (
				5C4AE19428F76E0200D6C3B3 /* AjustesViewController.swift */,
				5C4AE19628F7732E00D6C3B3 /* AjustesTableViewCell.swift */,
				5C2BEDF328F7B23600000EAD /* FontViewController.swift */,
			);
			path = Ajustes;
			sourceTree = "<group>";
		};
		5CCE175728D956EC008B9C1D /* Ayuda */ = {
			isa = PBXGroup;
			children = (
				5CCE175828D956FE008B9C1D /* AyudaViewController.swift */,
			);
			path = Ayuda;
			sourceTree = "<group>";
		};
		5CD33CA728F5E0C3007DD877 /* ReservaAulas */ = {
			isa = PBXGroup;
			children = (
				5CE2B88E28DEB324005FF7D7 /* ReservaTableViewController.swift */,
				5C87906928E35FCA00980E06 /* AddEditReservaTableViewController.swift */,
				5CE2B89628E1631B005FF7D7 /* ReservaTableViewCell.swift */,
			);
			path = ReservaAulas;
			sourceTree = "<group>";
		};
		5CD33CA828F5E509007DD877 /* ReservaEquipo */ = {
			isa = PBXGroup;
			children = (
				5CD33CAD28F5E81A007DD877 /* ReservaEquipoTableViewController.swift */,
				5CD33CB228F5FAF9007DD877 /* AddEditReservaEquipoTableViewController.swift */,
				5CD33CB728F71E72007DD877 /* ReservaEquipoTableViewCell.swift */,
			);
			path = ReservaEquipo;
			sourceTree = "<group>";
		};
		5CD33CBB28F74805007DD877 /* ReservaMaterial */ = {
			isa = PBXGroup;
			children = (
				5CD33CBC28F74888007DD877 /* ReservaMaterialViewController.swift */,
				5CD33CBE28F748B1007DD877 /* AddEditReservaMaterialViewController.swift */,
				5CD33CC028F748F2007DD877 /* ReservaMaterialTableViewCell.swift */,
			);
			path = ReservaMaterial;
			sourceTree = "<group>";
		};
		5CE47BC128E5E4C3001AA111 /* Login */ = {
			isa = PBXGroup;
			children = (
				5CE47BC228E5E4F7001AA111 /* SignUpViewController.swift */,
				5CE47BC428E5E50B001AA111 /* LoginViewController.swift */,
				5CE47BCF28E5FAAF001AA111 /* MainViewController.swift */,
				5C44D74B28E6150C00AB058E /* HomeViewController.swift */,
				5C44D74D28E62DFD00AB058E /* MainTabBarController.swift */,
				5C83224728FB254500FD42EC /* OlvidasteViewController.swift */,
			);
			path = Login;
			sourceTree = "<group>";
		};
		5CE47BC828E5F099001AA111 /* Utilidades */ = {
			isa = PBXGroup;
			children = (
				5CE47BC928E5F0AC001AA111 /* Utilities.swift */,
				5CE47BCB28E5F0CF001AA111 /* Constants.swift */,
				5CE47BCD28E5F890001AA111 /* formUtilities.swift */,
			);
			path = Utilidades;
			sourceTree = "<group>";
		};
		5CF5C20229004D1F00C00E62 /* Salida */ = {
			isa = PBXGroup;
			children = (
				5CF5C20329004D3C00C00E62 /* SalidaViewController.swift */,
			);
			path = Salida;
			sourceTree = "<group>";
		};
/* End PBXGroup section */

/* Begin PBXNativeTarget section */
		5CCE173628D94685008B9C1D /* appReserva */ = {
			isa = PBXNativeTarget;
			buildConfigurationList = 5CCE174B28D94687008B9C1D /* Build configuration list for PBXNativeTarget "appReserva" */;
			buildPhases = (
				411FD4FA50315A3168E5715C /* [CP] Check Pods Manifest.lock */,
				5CCE173328D94685008B9C1D /* Sources */,
				5CCE173428D94685008B9C1D /* Frameworks */,
				5CCE173528D94685008B9C1D /* Resources */,
				BDD5EFB017FF1F98111A59A8 /* [CP] Embed Pods Frameworks */,
			);
			buildRules = (
			);
			dependencies = (
			);
			name = appReserva;
			productName = appReserva;
			productReference = 5CCE173728D94685008B9C1D /* appReserva.app */;
			productType = "com.apple.product-type.application";
		};
/* End PBXNativeTarget section */

/* Begin PBXProject section */
		5CCE172F28D94685008B9C1D /* Project object */ = {
			isa = PBXProject;
			attributes = {
				BuildIndependentTargetsInParallel = 1;
				LastSwiftUpdateCheck = 1340;
				LastUpgradeCheck = 1340;
				TargetAttributes = {
					5CCE173628D94685008B9C1D = {
						CreatedOnToolsVersion = 13.4.1;
					};
				};
			};
			buildConfigurationList = 5CCE173228D94685008B9C1D /* Build configuration list for PBXProject "appReserva" */;
			compatibilityVersion = "Xcode 13.0";
			developmentRegion = en;
			hasScannedForEncodings = 0;
			knownRegions = (
				en,
				Base,
			);
			mainGroup = 5CCE172E28D94685008B9C1D;
			productRefGroup = 5CCE173828D94685008B9C1D /* Products */;
			projectDirPath = "";
			projectRoot = "";
			targets = (
				5CCE173628D94685008B9C1D /* appReserva */,
			);
		};
/* End PBXProject section */

/* Begin PBXResourcesBuildPhase section */
		5CCE173528D94685008B9C1D /* Resources */ = {
			isa = PBXResourcesBuildPhase;
			buildActionMask = 2147483647;
			files = (
				5CCE174728D94687008B9C1D /* LaunchScreen.storyboard in Resources */,
				5CC02A3428ECE0700019E8CD /* GoogleService-Info.plist in Resources */,
				5CCE174428D94687008B9C1D /* Assets.xcassets in Resources */,
				5CCE174228D94685008B9C1D /* Main.storyboard in Resources */,
			);
			runOnlyForDeploymentPostprocessing = 0;
		};
/* End PBXResourcesBuildPhase section */

/* Begin PBXShellScriptBuildPhase section */
		411FD4FA50315A3168E5715C /* [CP] Check Pods Manifest.lock */ = {
			isa = PBXShellScriptBuildPhase;
			buildActionMask = 2147483647;
			files = (
			);
			inputFileListPaths = (
			);
			inputPaths = (
				"${PODS_PODFILE_DIR_PATH}/Podfile.lock",
				"${PODS_ROOT}/Manifest.lock",
			);
			name = "[CP] Check Pods Manifest.lock";
			outputFileListPaths = (
			);
			outputPaths = (
				"$(DERIVED_FILE_DIR)/Pods-appReserva-checkManifestLockResult.txt",
			);
			runOnlyForDeploymentPostprocessing = 0;
			shellPath = /bin/sh;
			shellScript = "diff \"${PODS_PODFILE_DIR_PATH}/Podfile.lock\" \"${PODS_ROOT}/Manifest.lock\" > /dev/null\nif [ $? != 0 ] ; then\n    # print error to STDERR\n    echo \"error: The sandbox is not in sync with the Podfile.lock. Run 'pod install' or update your CocoaPods installation.\" >&2\n    exit 1\nfi\n# This output is used by Xcode 'outputs' to avoid re-running this script phase.\necho \"SUCCESS\" > \"${SCRIPT_OUTPUT_FILE_0}\"\n";
			showEnvVarsInLog = 0;
		};
		BDD5EFB017FF1F98111A59A8 /* [CP] Embed Pods Frameworks */ = {
			isa = PBXShellScriptBuildPhase;
			buildActionMask = 2147483647;
			files = (
			);
			inputFileListPaths = (
				"${PODS_ROOT}/Target Support Files/Pods-appReserva/Pods-appReserva-frameworks-${CONFIGURATION}-input-files.xcfilelist",
			);
			name = "[CP] Embed Pods Frameworks";
			outputFileListPaths = (
				"${PODS_ROOT}/Target Support Files/Pods-appReserva/Pods-appReserva-frameworks-${CONFIGURATION}-output-files.xcfilelist",
			);
			runOnlyForDeploymentPostprocessing = 0;
			shellPath = /bin/sh;
			shellScript = "\"${PODS_ROOT}/Target Support Files/Pods-appReserva/Pods-appReserva-frameworks.sh\"\n";
			showEnvVarsInLog = 0;
		};
/* End PBXShellScriptBuildPhase section */

/* Begin PBXSourcesBuildPhase section */
		5CCE173328D94685008B9C1D /* Sources */ = {
			isa = PBXSourcesBuildPhase;
			buildActionMask = 2147483647;
			files = (
				5C4AE19528F76E0200D6C3B3 /* AjustesViewController.swift in Sources */,
				5C87906A28E35FCA00980E06 /* AddEditReservaTableViewController.swift in Sources */,
				5CE2B89728E1631B005FF7D7 /* ReservaTableViewCell.swift in Sources */,
				5CE47BCE28E5F890001AA111 /* formUtilities.swift in Sources */,
				5C7A38FE28DEAF9700D0B501 /* Reservas.swift in Sources */,
				5C83224828FB254500FD42EC /* OlvidasteViewController.swift in Sources */,
				5CD33CB328F5FAF9007DD877 /* AddEditReservaEquipoTableViewController.swift in Sources */,
				5CF5C1FF28FF3A7600C00E62 /* CollectionTableViewCell.swift in Sources */,
				5CCE175028D950AC008B9C1D /* CuentaViewController.swift in Sources */,
				5CE47BCA28E5F0AC001AA111 /* Utilities.swift in Sources */,
				5CE47BC328E5E4F7001AA111 /* SignUpViewController.swift in Sources */,
				5CE47BD028E5FAAF001AA111 /* MainViewController.swift in Sources */,
				5CF5C20429004D3C00C00E62 /* SalidaViewController.swift in Sources */,
				5CC6C8A32900A21F00A3D599 /* secondTabViewController.swift in Sources */,
				5CD33CC128F748F2007DD877 /* ReservaMaterialTableViewCell.swift in Sources */,
				5C2FC01728EE8F19008D6605 /* firstTabViewController.swift in Sources */,
				5CC6C8A52900AA6400A3D599 /* thirdTabViewController.swift in Sources */,
				5C2BEDF428F7B23600000EAD /* FontViewController.swift in Sources */,
				5C2FC01328EE6576008D6605 /* CartaTableViewCell.swift in Sources */,
				5CCE175928D956FE008B9C1D /* AyudaViewController.swift in Sources */,
				5CD33CBD28F74888007DD877 /* ReservaMaterialViewController.swift in Sources */,
				5CCE173B28D94685008B9C1D /* AppDelegate.swift in Sources */,
				5C44D74C28E6150C00AB058E /* HomeViewController.swift in Sources */,
				5C4AE19728F7732E00D6C3B3 /* AjustesTableViewCell.swift in Sources */,
				5CF5C20128FF3D8900C00E62 /* TileCollectionViewCell.swift in Sources */,
				5CD33CBF28F748B1007DD877 /* AddEditReservaMaterialViewController.swift in Sources */,
				5CCE173D28D94685008B9C1D /* SceneDelegate.swift in Sources */,
				5CF5C1FD28FF382D00C00E62 /* ReservaMenuViewController.swift in Sources */,
				5CE2B88F28DEB324005FF7D7 /* ReservaTableViewController.swift in Sources */,
				5C44D75228E74ECE00AB058E /* Usuario.swift in Sources */,
				5CD33CAE28F5E81A007DD877 /* ReservaEquipoTableViewController.swift in Sources */,
				5CE47BCC28E5F0CF001AA111 /* Constants.swift in Sources */,
				5C2FC01128EE3B65008D6605 /* HubViewController.swift in Sources */,
				5CE47BC528E5E50B001AA111 /* LoginViewController.swift in Sources */,
				5CD33CB828F71E72007DD877 /* ReservaEquipoTableViewCell.swift in Sources */,
				5C44D74E28E62DFD00AB058E /* MainTabBarController.swift in Sources */,
			);
			runOnlyForDeploymentPostprocessing = 0;
		};
/* End PBXSourcesBuildPhase section */

/* Begin PBXVariantGroup section */
		5CCE174028D94685008B9C1D /* Main.storyboard */ = {
			isa = PBXVariantGroup;
			children = (
				5CCE174128D94685008B9C1D /* Base */,
			);
			name = Main.storyboard;
			sourceTree = "<group>";
		};
		5CCE174528D94687008B9C1D /* LaunchScreen.storyboard */ = {
			isa = PBXVariantGroup;
			children = (
				5CCE174628D94687008B9C1D /* Base */,
			);
			name = LaunchScreen.storyboard;
			sourceTree = "<group>";
		};
/* End PBXVariantGroup section */

/* Begin XCBuildConfiguration section */
		5CCE174928D94687008B9C1D /* Debug */ = {
			isa = XCBuildConfiguration;
			buildSettings = {
				ALWAYS_SEARCH_USER_PATHS = NO;
				CLANG_ANALYZER_NONNULL = YES;
				CLANG_ANALYZER_NUMBER_OBJECT_CONVERSION = YES_AGGRESSIVE;
				CLANG_CXX_LANGUAGE_STANDARD = "gnu++17";
				CLANG_ENABLE_MODULES = YES;
				CLANG_ENABLE_OBJC_ARC = YES;
				CLANG_ENABLE_OBJC_WEAK = YES;
				CLANG_WARN_BLOCK_CAPTURE_AUTORELEASING = YES;
				CLANG_WARN_BOOL_CONVERSION = YES;
				CLANG_WARN_COMMA = YES;
				CLANG_WARN_CONSTANT_CONVERSION = YES;
				CLANG_WARN_DEPRECATED_OBJC_IMPLEMENTATIONS = YES;
				CLANG_WARN_DIRECT_OBJC_ISA_USAGE = YES_ERROR;
				CLANG_WARN_DOCUMENTATION_COMMENTS = YES;
				CLANG_WARN_EMPTY_BODY = YES;
				CLANG_WARN_ENUM_CONVERSION = YES;
				CLANG_WARN_INFINITE_RECURSION = YES;
				CLANG_WARN_INT_CONVERSION = YES;
				CLANG_WARN_NON_LITERAL_NULL_CONVERSION = YES;
				CLANG_WARN_OBJC_IMPLICIT_RETAIN_SELF = YES;
				CLANG_WARN_OBJC_LITERAL_CONVERSION = YES;
				CLANG_WARN_OBJC_ROOT_CLASS = YES_ERROR;
				CLANG_WARN_QUOTED_INCLUDE_IN_FRAMEWORK_HEADER = YES;
				CLANG_WARN_RANGE_LOOP_ANALYSIS = YES;
				CLANG_WARN_STRICT_PROTOTYPES = YES;
				CLANG_WARN_SUSPICIOUS_MOVE = YES;
				CLANG_WARN_UNGUARDED_AVAILABILITY = YES_AGGRESSIVE;
				CLANG_WARN_UNREACHABLE_CODE = YES;
				CLANG_WARN__DUPLICATE_METHOD_MATCH = YES;
				COPY_PHASE_STRIP = NO;
				DEBUG_INFORMATION_FORMAT = dwarf;
				ENABLE_STRICT_OBJC_MSGSEND = YES;
				ENABLE_TESTABILITY = YES;
				GCC_C_LANGUAGE_STANDARD = gnu11;
				GCC_DYNAMIC_NO_PIC = NO;
				GCC_NO_COMMON_BLOCKS = YES;
				GCC_OPTIMIZATION_LEVEL = 0;
				GCC_PREPROCESSOR_DEFINITIONS = (
					"DEBUG=1",
					"$(inherited)",
				);
				GCC_WARN_64_TO_32_BIT_CONVERSION = YES;
				GCC_WARN_ABOUT_RETURN_TYPE = YES_ERROR;
				GCC_WARN_UNDECLARED_SELECTOR = YES;
				GCC_WARN_UNINITIALIZED_AUTOS = YES_AGGRESSIVE;
				GCC_WARN_UNUSED_FUNCTION = YES;
				GCC_WARN_UNUSED_VARIABLE = YES;
				IPHONEOS_DEPLOYMENT_TARGET = 15.5;
				MTL_ENABLE_DEBUG_INFO = INCLUDE_SOURCE;
				MTL_FAST_MATH = YES;
				ONLY_ACTIVE_ARCH = YES;
				SDKROOT = iphoneos;
				SWIFT_ACTIVE_COMPILATION_CONDITIONS = DEBUG;
				SWIFT_OPTIMIZATION_LEVEL = "-Onone";
			};
			name = Debug;
		};
		5CCE174A28D94687008B9C1D /* Release */ = {
			isa = XCBuildConfiguration;
			buildSettings = {
				ALWAYS_SEARCH_USER_PATHS = NO;
				CLANG_ANALYZER_NONNULL = YES;
				CLANG_ANALYZER_NUMBER_OBJECT_CONVERSION = YES_AGGRESSIVE;
				CLANG_CXX_LANGUAGE_STANDARD = "gnu++17";
				CLANG_ENABLE_MODULES = YES;
				CLANG_ENABLE_OBJC_ARC = YES;
				CLANG_ENABLE_OBJC_WEAK = YES;
				CLANG_WARN_BLOCK_CAPTURE_AUTORELEASING = YES;
				CLANG_WARN_BOOL_CONVERSION = YES;
				CLANG_WARN_COMMA = YES;
				CLANG_WARN_CONSTANT_CONVERSION = YES;
				CLANG_WARN_DEPRECATED_OBJC_IMPLEMENTATIONS = YES;
				CLANG_WARN_DIRECT_OBJC_ISA_USAGE = YES_ERROR;
				CLANG_WARN_DOCUMENTATION_COMMENTS = YES;
				CLANG_WARN_EMPTY_BODY = YES;
				CLANG_WARN_ENUM_CONVERSION = YES;
				CLANG_WARN_INFINITE_RECURSION = YES;
				CLANG_WARN_INT_CONVERSION = YES;
				CLANG_WARN_NON_LITERAL_NULL_CONVERSION = YES;
				CLANG_WARN_OBJC_IMPLICIT_RETAIN_SELF = YES;
				CLANG_WARN_OBJC_LITERAL_CONVERSION = YES;
				CLANG_WARN_OBJC_ROOT_CLASS = YES_ERROR;
				CLANG_WARN_QUOTED_INCLUDE_IN_FRAMEWORK_HEADER = YES;
				CLANG_WARN_RANGE_LOOP_ANALYSIS = YES;
				CLANG_WARN_STRICT_PROTOTYPES = YES;
				CLANG_WARN_SUSPICIOUS_MOVE = YES;
				CLANG_WARN_UNGUARDED_AVAILABILITY = YES_AGGRESSIVE;
				CLANG_WARN_UNREACHABLE_CODE = YES;
				CLANG_WARN__DUPLICATE_METHOD_MATCH = YES;
				COPY_PHASE_STRIP = NO;
				DEBUG_INFORMATION_FORMAT = "dwarf-with-dsym";
				ENABLE_NS_ASSERTIONS = NO;
				ENABLE_STRICT_OBJC_MSGSEND = YES;
				GCC_C_LANGUAGE_STANDARD = gnu11;
				GCC_NO_COMMON_BLOCKS = YES;
				GCC_WARN_64_TO_32_BIT_CONVERSION = YES;
				GCC_WARN_ABOUT_RETURN_TYPE = YES_ERROR;
				GCC_WARN_UNDECLARED_SELECTOR = YES;
				GCC_WARN_UNINITIALIZED_AUTOS = YES_AGGRESSIVE;
				GCC_WARN_UNUSED_FUNCTION = YES;
				GCC_WARN_UNUSED_VARIABLE = YES;
				IPHONEOS_DEPLOYMENT_TARGET = 15.5;
				MTL_ENABLE_DEBUG_INFO = NO;
				MTL_FAST_MATH = YES;
				SDKROOT = iphoneos;
				SWIFT_COMPILATION_MODE = wholemodule;
				SWIFT_OPTIMIZATION_LEVEL = "-O";
				VALIDATE_PRODUCT = YES;
			};
			name = Release;
		};
		5CCE174C28D94687008B9C1D /* Debug */ = {
			isa = XCBuildConfiguration;
			baseConfigurationReference = CA7F82CC50BF66E27FD00336 /* Pods-appReserva.debug.xcconfig */;
			buildSettings = {
				ASSETCATALOG_COMPILER_APPICON_NAME = AppIcon;
				ASSETCATALOG_COMPILER_GLOBAL_ACCENT_COLOR_NAME = AccentColor;
				CODE_SIGN_STYLE = Automatic;
				CURRENT_PROJECT_VERSION = 1;
				GENERATE_INFOPLIST_FILE = YES;
				INFOPLIST_FILE = appReserva/Info.plist;
				INFOPLIST_KEY_UIApplicationSupportsIndirectInputEvents = YES;
				INFOPLIST_KEY_UILaunchStoryboardName = LaunchScreen;
				INFOPLIST_KEY_UIMainStoryboardFile = Main;
				INFOPLIST_KEY_UISupportedInterfaceOrientations_iPad = "UIInterfaceOrientationPortrait UIInterfaceOrientationPortraitUpsideDown UIInterfaceOrientationLandscapeLeft UIInterfaceOrientationLandscapeRight";
				INFOPLIST_KEY_UISupportedInterfaceOrientations_iPhone = "UIInterfaceOrientationPortrait UIInterfaceOrientationLandscapeLeft UIInterfaceOrientationLandscapeRight";
				LD_RUNPATH_SEARCH_PATHS = (
					"$(inherited)",
					"@executable_path/Frameworks",
				);
				MARKETING_VERSION = 1.0;
				PRODUCT_BUNDLE_IDENTIFIER = com.Mau.appReserva;
				PRODUCT_NAME = "$(TARGET_NAME)";
				SWIFT_EMIT_LOC_STRINGS = YES;
				SWIFT_VERSION = 5.0;
				TARGETED_DEVICE_FAMILY = "1,2";
			};
			name = Debug;
		};
		5CCE174D28D94687008B9C1D /* Release */ = {
			isa = XCBuildConfiguration;
			baseConfigurationReference = A39D9B28BD332B914BBF45C4 /* Pods-appReserva.release.xcconfig */;
			buildSettings = {
				ASSETCATALOG_COMPILER_APPICON_NAME = AppIcon;
				ASSETCATALOG_COMPILER_GLOBAL_ACCENT_COLOR_NAME = AccentColor;
				CODE_SIGN_STYLE = Automatic;
				CURRENT_PROJECT_VERSION = 1;
				GENERATE_INFOPLIST_FILE = YES;
				INFOPLIST_FILE = appReserva/Info.plist;
				INFOPLIST_KEY_UIApplicationSupportsIndirectInputEvents = YES;
				INFOPLIST_KEY_UILaunchStoryboardName = LaunchScreen;
				INFOPLIST_KEY_UIMainStoryboardFile = Main;
				INFOPLIST_KEY_UISupportedInterfaceOrientations_iPad = "UIInterfaceOrientationPortrait UIInterfaceOrientationPortraitUpsideDown UIInterfaceOrientationLandscapeLeft UIInterfaceOrientationLandscapeRight";
				INFOPLIST_KEY_UISupportedInterfaceOrientations_iPhone = "UIInterfaceOrientationPortrait UIInterfaceOrientationLandscapeLeft UIInterfaceOrientationLandscapeRight";
				LD_RUNPATH_SEARCH_PATHS = (
					"$(inherited)",
					"@executable_path/Frameworks",
				);
				MARKETING_VERSION = 1.0;
				PRODUCT_BUNDLE_IDENTIFIER = com.Mau.appReserva;
				PRODUCT_NAME = "$(TARGET_NAME)";
				SWIFT_EMIT_LOC_STRINGS = YES;
				SWIFT_VERSION = 5.0;
				TARGETED_DEVICE_FAMILY = "1,2";
			};
			name = Release;
		};
/* End XCBuildConfiguration section */

/* Begin XCConfigurationList section */
		5CCE173228D94685008B9C1D /* Build configuration list for PBXProject "appReserva" */ = {
			isa = XCConfigurationList;
			buildConfigurations = (
				5CCE174928D94687008B9C1D /* Debug */,
				5CCE174A28D94687008B9C1D /* Release */,
			);
			defaultConfigurationIsVisible = 0;
			defaultConfigurationName = Release;
		};
		5CCE174B28D94687008B9C1D /* Build configuration list for PBXNativeTarget "appReserva" */ = {
			isa = XCConfigurationList;
			buildConfigurations = (
				5CCE174C28D94687008B9C1D /* Debug */,
				5CCE174D28D94687008B9C1D /* Release */,
			);
			defaultConfigurationIsVisible = 0;
			defaultConfigurationName = Release;
		};
/* End XCConfigurationList section */
	};
	rootObject = 5CCE172F28D94685008B9C1D /* Project object */;
}
